uuid: dc23900b-03b0-4599-98e3-b3b41f181ffe
langcode: en
status: true
dependencies:
  module:
    - domain
    - system
    - tb_gdmi
  theme:
    - thunderbird
id: gdmidashboardheroblock
theme: thunderbird
region: content
weight: -7
provider: null
plugin: dashboard_hero_block
settings:
  id: dashboard_hero_block
  label: 'GDMI Dashboard Hero Block'
  label_display: '0'
  provider: tb_gdmi
  media: '2008'
  title: 'Take the GDMI'
  description: 'You have a GDMI available to take.'
  btn_text: 'Take GDMI'
visibility:
  domain:
    id: domain
    negate: false
    context_mapping:
      domain: '@domain.current_domain_context:domain'
    domains:
      gdmi: gdmi
  request_path:
    id: request_path
    negate: false
    pages: /dashboard
