uuid: c9e3bab9-f978-45eb-9794-6083ee37fddc
langcode: en
status: true
dependencies: {  }
_core:
  default_config_hash: '-UIPj4XMUx80HyL_a2ALj-_u3gvw8q8UEZvFc9TSePo'
label: '4:3'
id: images_block
description: 'Used for the images block in Layout Builder.'
aspect_ratio: '4:3'
soft_limit_width: null
soft_limit_height: null
hard_limit_width: 800
hard_limit_height: 600
